
Microsoft Visual Studio Solution File, Format Version 12.00
# Visual Studio Version 17
VisualStudioVersion = 17.5.33530.505
MinimumVisualStudioVersion = 10.0.40219.1
Project("{FAE04EC0-301F-11D3-BF4B-00C04F79EFBC}") = "Array", "Array\Array.csproj", "{6B64FC6A-DAF4-40B6-8060-BA99C27BBA61}"
EndProject
Global
	GlobalSection(SolutionConfigurationPlatforms) = preSolution
		Debug|Any CPU = Debug|Any CPU
		Release|Any CPU = Release|Any CPU
	EndGlobalSection
	GlobalSection(ProjectConfigurationPlatforms) = postSolution
		{6B64FC6A-DAF4-40B6-8060-BA99C27BBA61}.Debug|Any CPU.ActiveCfg = Debug|Any CPU
		{6B64FC6A-DAF4-40B6-8060-BA99C27BBA61}.Debug|Any CPU.Build.0 = Debug|Any CPU
		{6B64FC6A-DAF4-40B6-8060-BA99C27BBA61}.Release|Any CPU.ActiveCfg = Release|Any CPU
		{6B64FC6A-DAF4-40B6-8060-BA99C27BBA61}.Release|Any CPU.Build.0 = Release|Any CPU
	EndGlobalSection
	GlobalSection(SolutionProperties) = preSolution
		HideSolutionNode = FALSE
	EndGlobalSection
	GlobalSection(ExtensibilityGlobals) = postSolution
		SolutionGuid = {A3AE5DDA-3592-4A64-97AA-5B052901AA9D}
	EndGlobalSection
EndGlobal
